{
  "requires": true,
  "lockfileVersion": 1,
  "dependencies": {
    "ngx-pagination": {
      "version": "5.0.0",
      "resolved": "https://registry.npmjs.org/ngx-pagination/-/ngx-pagination-5.0.0.tgz",
      "integrity": "sha512-Ur0pTWRe2ZXoJ8impEzo0IZKxY5aEcQfSmL5uBqW1rHI2J6nfzgZAHsSLagKHFGchXq0PkRlDVVMcIaNxYJwvQ=="
    },
    "sweetalert2": {
      "version": "9.8.2",
      "resolved": "https://registry.npmjs.org/sweetalert2/-/sweetalert2-9.8.2.tgz",
      "integrity": "sha512-Lr7DbVi/uNwQ9LOJXt9N5JZkJT0Tga9bCGfPbtnm9Gwfhs/Wthp8vSrtE+x9kjMSpvlkvoPO7TDFxoP0jFnDow=="
    }
  }
}
